
Microsoft Visual Studio Solution File, Format Version 12.00
# Visual Studio Version 17
VisualStudioVersion = 17.14.37516.0 d17.14
MinimumVisualStudioVersion = 10.0.40219.1
Project("{FAE04EC0-301F-11D3-BF4B-00C04F79EFBC}") = "day03", "day03\day03.csproj", "{1E064C46-63A4-485C-9F95-7EAF4DCA8E53}"
EndProject
Global
	GlobalSection(SolutionConfigurationPlatforms) = preSolution
		Debug|Any CPU = Debug|Any CPU
		Release|Any CPU = Release|Any CPU
	EndGlobalSection
	GlobalSection(ProjectConfigurationPlatforms) = postSolution
		{1E064C46-63A4-485C-9F95-7EAF4DCA8E53}.Debug|Any CPU.ActiveCfg = Debug|Any CPU
		{1E064C46-63A4-485C-9F95-7EAF4DCA8E53}.Debug|Any CPU.Build.0 = Debug|Any CPU
		{1E064C46-63A4-485C-9F95-7EAF4DCA8E53}.Release|Any CPU.ActiveCfg = Release|Any CPU
		{1E064C46-63A4-485C-9F95-7EAF4DCA8E53}.Release|Any CPU.Build.0 = Release|Any CPU
	EndGlobalSection
	GlobalSection(SolutionProperties) = preSolution
		HideSolutionNode = FALSE
	EndGlobalSection
	GlobalSection(ExtensibilityGlobals) = postSolution
		SolutionGuid = {4BCD6409-772C-41C2-BA79-4EE087E0AACB}
	EndGlobalSection
EndGlobal
