
Microsoft Visual Studio Solution File, Format Version 12.00
# Visual Studio Version 17
VisualStudioVersion = 17.14.37516.0 d17.14
MinimumVisualStudioVersion = 10.0.40219.1
Project("{FAE04EC0-301F-11D3-BF4B-00C04F79EFBC}") = "day07", "day07\day07.csproj", "{F33F4233-9650-4CF9-8961-B3B9C9C8AC60}"
EndProject
Global
	GlobalSection(SolutionConfigurationPlatforms) = preSolution
		Debug|Any CPU = Debug|Any CPU
		Release|Any CPU = Release|Any CPU
	EndGlobalSection
	GlobalSection(ProjectConfigurationPlatforms) = postSolution
		{F33F4233-9650-4CF9-8961-B3B9C9C8AC60}.Debug|Any CPU.ActiveCfg = Debug|Any CPU
		{F33F4233-9650-4CF9-8961-B3B9C9C8AC60}.Debug|Any CPU.Build.0 = Debug|Any CPU
		{F33F4233-9650-4CF9-8961-B3B9C9C8AC60}.Release|Any CPU.ActiveCfg = Release|Any CPU
		{F33F4233-9650-4CF9-8961-B3B9C9C8AC60}.Release|Any CPU.Build.0 = Release|Any CPU
	EndGlobalSection
	GlobalSection(SolutionProperties) = preSolution
		HideSolutionNode = FALSE
	EndGlobalSection
	GlobalSection(ExtensibilityGlobals) = postSolution
		SolutionGuid = {B9DC4974-9808-4CFF-81D5-E9CC3413016B}
	EndGlobalSection
EndGlobal
