
Microsoft Visual Studio Solution File, Format Version 12.00
# Visual Studio Version 17
VisualStudioVersion = 17.14.37614.0 d17.14
MinimumVisualStudioVersion = 10.0.40219.1
Project("{FAE04EC0-301F-11D3-BF4B-00C04F79EFBC}") = "Twoday", "Twoday.csproj", "{1F9EB81B-878E-4515-9555-9C17D7183B77}"
EndProject
Global
	GlobalSection(SolutionConfigurationPlatforms) = preSolution
		Debug|Any CPU = Debug|Any CPU
		Release|Any CPU = Release|Any CPU
	EndGlobalSection
	GlobalSection(ProjectConfigurationPlatforms) = postSolution
		{1F9EB81B-878E-4515-9555-9C17D7183B77}.Debug|Any CPU.ActiveCfg = Debug|Any CPU
		{1F9EB81B-878E-4515-9555-9C17D7183B77}.Debug|Any CPU.Build.0 = Debug|Any CPU
		{1F9EB81B-878E-4515-9555-9C17D7183B77}.Release|Any CPU.ActiveCfg = Release|Any CPU
		{1F9EB81B-878E-4515-9555-9C17D7183B77}.Release|Any CPU.Build.0 = Release|Any CPU
	EndGlobalSection
	GlobalSection(SolutionProperties) = preSolution
		HideSolutionNode = FALSE
	EndGlobalSection
	GlobalSection(ExtensibilityGlobals) = postSolution
		SolutionGuid = {62C60520-A76D-4D44-BF8B-EEE638D228B9}
	EndGlobalSection
EndGlobal
