
Microsoft Visual Studio Solution File, Format Version 12.00
# Visual Studio Version 17
VisualStudioVersion = 17.14.37516.0 d17.14
MinimumVisualStudioVersion = 10.0.40219.1
Project("{FAE04EC0-301F-11D3-BF4B-00C04F79EFBC}") = "Day8", "Day8.csproj", "{4C806200-92CF-43F4-9C12-8E3BC4F30B55}"
EndProject
Global
	GlobalSection(SolutionConfigurationPlatforms) = preSolution
		Debug|Any CPU = Debug|Any CPU
		Release|Any CPU = Release|Any CPU
	EndGlobalSection
	GlobalSection(ProjectConfigurationPlatforms) = postSolution
		{4C806200-92CF-43F4-9C12-8E3BC4F30B55}.Debug|Any CPU.ActiveCfg = Debug|Any CPU
		{4C806200-92CF-43F4-9C12-8E3BC4F30B55}.Debug|Any CPU.Build.0 = Debug|Any CPU
		{4C806200-92CF-43F4-9C12-8E3BC4F30B55}.Release|Any CPU.ActiveCfg = Release|Any CPU
		{4C806200-92CF-43F4-9C12-8E3BC4F30B55}.Release|Any CPU.Build.0 = Release|Any CPU
	EndGlobalSection
	GlobalSection(SolutionProperties) = preSolution
		HideSolutionNode = FALSE
	EndGlobalSection
	GlobalSection(ExtensibilityGlobals) = postSolution
		SolutionGuid = {78FC77D7-66B4-451F-834D-FE827787618A}
	EndGlobalSection
EndGlobal
